
Microsoft Visual Studio Solution File, Format Version 12.00
# Visual Studio Version 17
VisualStudioVersion = 17.2.32602.215
MinimumVisualStudioVersion = 10.0.40219.1
Project("{FAE04EC0-301F-11D3-BF4B-00C04F79EFBC}") = "Hw_11", "Hw_11\Hw_11.csproj", "{CCC3D612-3B25-45B4-A030-EE2846C1308F}"
EndProject
Global
	GlobalSection(SolutionConfigurationPlatforms) = preSolution
		Debug|Any CPU = Debug|Any CPU
		Release|Any CPU = Release|Any CPU
	EndGlobalSection
	GlobalSection(ProjectConfigurationPlatforms) = postSolution
		{CCC3D612-3B25-45B4-A030-EE2846C1308F}.Debug|Any CPU.ActiveCfg = Debug|Any CPU
		{CCC3D612-3B25-45B4-A030-EE2846C1308F}.Debug|Any CPU.Build.0 = Debug|Any CPU
		{CCC3D612-3B25-45B4-A030-EE2846C1308F}.Release|Any CPU.ActiveCfg = Release|Any CPU
		{CCC3D612-3B25-45B4-A030-EE2846C1308F}.Release|Any CPU.Build.0 = Release|Any CPU
	EndGlobalSection
	GlobalSection(SolutionProperties) = preSolution
		HideSolutionNode = FALSE
	EndGlobalSection
	GlobalSection(ExtensibilityGlobals) = postSolution
		SolutionGuid = {C8F54ED1-E694-44F8-A7A2-0EA37B742376}
	EndGlobalSection
EndGlobal
